
Microsoft Visual Studio Solution File, Format Version 12.00
# Visual Studio 15
VisualStudioVersion = 15.0.28010.0
MinimumVisualStudioVersion = 10.0.40219.1
Project("{8BC9CEB8-8B4A-11D0-8D11-00A0C91BC942}") = "Mod Menu Business Tour C++", "Mod Menu Business Tour C++\Mod Menu Business Tour C++.vcxproj", "{7EF67128-9FC5-4AB6-8BD1-F2EE80A6FD72}"
EndProject
Global
	GlobalSection(SolutionConfigurationPlatforms) = preSolution
		Debug|x64 = Debug|x64
		Debug|x86 = Debug|x86
		Release|x64 = Release|x64
		Release|x86 = Release|x86
	EndGlobalSection
	GlobalSection(ProjectConfigurationPlatforms) = postSolution
		{7EF67128-9FC5-4AB6-8BD1-F2EE80A6FD72}.Debug|x64.ActiveCfg = Debug|x64
		{7EF67128-9FC5-4AB6-8BD1-F2EE80A6FD72}.Debug|x64.Build.0 = Debug|x64
		{7EF67128-9FC5-4AB6-8BD1-F2EE80A6FD72}.Debug|x86.ActiveCfg = Debug|Win32
		{7EF67128-9FC5-4AB6-8BD1-F2EE80A6FD72}.Debug|x86.Build.0 = Debug|Win32
		{7EF67128-9FC5-4AB6-8BD1-F2EE80A6FD72}.Release|x64.ActiveCfg = Release|x64
		{7EF67128-9FC5-4AB6-8BD1-F2EE80A6FD72}.Release|x64.Build.0 = Release|x64
		{7EF67128-9FC5-4AB6-8BD1-F2EE80A6FD72}.Release|x86.ActiveCfg = Release|Win32
		{7EF67128-9FC5-4AB6-8BD1-F2EE80A6FD72}.Release|x86.Build.0 = Release|Win32
	EndGlobalSection
	GlobalSection(SolutionProperties) = preSolution
		HideSolutionNode = FALSE
	EndGlobalSection
	GlobalSection(ExtensibilityGlobals) = postSolution
		SolutionGuid = {738EEAA5-DBDC-4C15-830D-E6086F5B1A32}
	EndGlobalSection
EndGlobal
